
Microsoft Visual Studio Solution File, Format Version 12.00
# Visual Studio Version 17
VisualStudioVersion = 17.13.35825.156
MinimumVisualStudioVersion = 10.0.40219.1
Project("{FAE04EC0-301F-11D3-BF4B-00C04F79EFBC}") = "RoomBooking.API", "RoomBooking.API\RoomBooking.API.csproj", "{3877A8BC-8221-4515-9DFC-B0D995E9FC39}"
EndProject
Project("{2150E333-8FDC-42A3-9474-1A3956D46DE8}") = "src", "src", "{02EA681E-C7D8-13C7-8484-4AC65E1B71E8}"
EndProject
Project("{FAE04EC0-301F-11D3-BF4B-00C04F79EFBC}") = "RoomBooking.Domain", "RoomBooking.Domain\RoomBooking.Domain.csproj", "{4B749C38-FDE3-4FBD-998E-61CBD1123135}"
EndProject
Project("{FAE04EC0-301F-11D3-BF4B-00C04F79EFBC}") = "RoomBooking.Application", "RoomBooking.Services\RoomBooking.Application.csproj", "{A3E82A5D-3775-4CD3-9EB7-2FE3C1C939A5}"
EndProject
Project("{FAE04EC0-301F-11D3-BF4B-00C04F79EFBC}") = "RoomBooking.Infrastructure", "RoomBooking.Infrastructure\RoomBooking.Infrastructure.csproj", "{CC804894-D40C-4DBF-B595-2EBB155BF013}"
EndProject
Global
	GlobalSection(SolutionConfigurationPlatforms) = preSolution
		Debug|Any CPU = Debug|Any CPU
		Release|Any CPU = Release|Any CPU
	EndGlobalSection
	GlobalSection(ProjectConfigurationPlatforms) = postSolution
		{3877A8BC-8221-4515-9DFC-B0D995E9FC39}.Debug|Any CPU.ActiveCfg = Debug|Any CPU
		{3877A8BC-8221-4515-9DFC-B0D995E9FC39}.Debug|Any CPU.Build.0 = Debug|Any CPU
		{3877A8BC-8221-4515-9DFC-B0D995E9FC39}.Release|Any CPU.ActiveCfg = Release|Any CPU
		{3877A8BC-8221-4515-9DFC-B0D995E9FC39}.Release|Any CPU.Build.0 = Release|Any CPU
		{4B749C38-FDE3-4FBD-998E-61CBD1123135}.Debug|Any CPU.ActiveCfg = Debug|Any CPU
		{4B749C38-FDE3-4FBD-998E-61CBD1123135}.Debug|Any CPU.Build.0 = Debug|Any CPU
		{4B749C38-FDE3-4FBD-998E-61CBD1123135}.Release|Any CPU.ActiveCfg = Release|Any CPU
		{4B749C38-FDE3-4FBD-998E-61CBD1123135}.Release|Any CPU.Build.0 = Release|Any CPU
		{A3E82A5D-3775-4CD3-9EB7-2FE3C1C939A5}.Debug|Any CPU.ActiveCfg = Debug|Any CPU
		{A3E82A5D-3775-4CD3-9EB7-2FE3C1C939A5}.Debug|Any CPU.Build.0 = Debug|Any CPU
		{A3E82A5D-3775-4CD3-9EB7-2FE3C1C939A5}.Release|Any CPU.ActiveCfg = Release|Any CPU
		{A3E82A5D-3775-4CD3-9EB7-2FE3C1C939A5}.Release|Any CPU.Build.0 = Release|Any CPU
		{CC804894-D40C-4DBF-B595-2EBB155BF013}.Debug|Any CPU.ActiveCfg = Debug|Any CPU
		{CC804894-D40C-4DBF-B595-2EBB155BF013}.Debug|Any CPU.Build.0 = Debug|Any CPU
		{CC804894-D40C-4DBF-B595-2EBB155BF013}.Release|Any CPU.ActiveCfg = Release|Any CPU
		{CC804894-D40C-4DBF-B595-2EBB155BF013}.Release|Any CPU.Build.0 = Release|Any CPU
	EndGlobalSection
	GlobalSection(SolutionProperties) = preSolution
		HideSolutionNode = FALSE
	EndGlobalSection
	GlobalSection(NestedProjects) = preSolution
		{3877A8BC-8221-4515-9DFC-B0D995E9FC39} = {02EA681E-C7D8-13C7-8484-4AC65E1B71E8}
		{4B749C38-FDE3-4FBD-998E-61CBD1123135} = {02EA681E-C7D8-13C7-8484-4AC65E1B71E8}
		{A3E82A5D-3775-4CD3-9EB7-2FE3C1C939A5} = {02EA681E-C7D8-13C7-8484-4AC65E1B71E8}
		{CC804894-D40C-4DBF-B595-2EBB155BF013} = {02EA681E-C7D8-13C7-8484-4AC65E1B71E8}
	EndGlobalSection
	GlobalSection(ExtensibilityGlobals) = postSolution
		SolutionGuid = {3A630867-68EE-4DBD-AAE3-A7EAB5E455AA}
	EndGlobalSection
EndGlobal
